
Microsoft Visual Studio Solution File, Format Version 12.00
# Visual Studio Version 18
VisualStudioVersion = 18.2.11415.280
MinimumVisualStudioVersion = 10.0.40219.1
Project("{9A19103F-16F7-4668-BE54-9A1E7A4F7556}") = "InstituteWebAPI", "InstituteWebAPI.csproj", "{9EEFE33E-2A28-4BC7-B7C3-8C306FE1DD81}"
EndProject
Project("{FAE04EC0-301F-11D3-BF4B-00C04F79EFBC}") = "InstituteWebUI", "..\RozhnWebUI\InstituteWebUI.csproj", "{5074512E-1699-8241-6915-37F7B5F6323A}"
EndProject
Global
	GlobalSection(SolutionConfigurationPlatforms) = preSolution
		Debug|Any CPU = Debug|Any CPU
		Release|Any CPU = Release|Any CPU
	EndGlobalSection
	GlobalSection(ProjectConfigurationPlatforms) = postSolution
		{9EEFE33E-2A28-4BC7-B7C3-8C306FE1DD81}.Debug|Any CPU.ActiveCfg = Debug|Any CPU
		{9EEFE33E-2A28-4BC7-B7C3-8C306FE1DD81}.Debug|Any CPU.Build.0 = Debug|Any CPU
		{9EEFE33E-2A28-4BC7-B7C3-8C306FE1DD81}.Release|Any CPU.ActiveCfg = Release|Any CPU
		{9EEFE33E-2A28-4BC7-B7C3-8C306FE1DD81}.Release|Any CPU.Build.0 = Release|Any CPU
		{5074512E-1699-8241-6915-37F7B5F6323A}.Debug|Any CPU.ActiveCfg = Debug|Any CPU
		{5074512E-1699-8241-6915-37F7B5F6323A}.Debug|Any CPU.Build.0 = Debug|Any CPU
		{5074512E-1699-8241-6915-37F7B5F6323A}.Release|Any CPU.ActiveCfg = Release|Any CPU
		{5074512E-1699-8241-6915-37F7B5F6323A}.Release|Any CPU.Build.0 = Release|Any CPU
	EndGlobalSection
	GlobalSection(SolutionProperties) = preSolution
		HideSolutionNode = FALSE
	EndGlobalSection
	GlobalSection(ExtensibilityGlobals) = postSolution
		SolutionGuid = {1B80099B-A0F6-438B-86E3-01EE39CF61F8}
	EndGlobalSection
EndGlobal
